// !$*UTF8*$!
{
	archiveVersion = 1;
	classes = {
	};
	objectVersion = 50;
	objects = {

/* Begin PBXBuildFile section */
		AF038221247BAC6600A67DAD /* stopWatchData.swift in Sources */ = {isa = PBXBuildFile; fileRef = AF038220247BAC6600A67DAD /* stopWatchData.swift */; };
		AF038223247BB20000A67DAD /* RecordTimeCell.swift in Sources */ = {isa = PBXBuildFile; fileRef = AF038222247BB20000A67DAD /* RecordTimeCell.swift */; };
		AF2D9A6424A9BFED00015D0C /* Int+time.swift in Sources */ = {isa = PBXBuildFile; fileRef = AF2D9A6324A9BFED00015D0C /* Int+time.swift */; };
		AF2D9A6624A9C57100015D0C /* Color+Image.swift in Sources */ = {isa = PBXBuildFile; fileRef = AF2D9A6524A9C57100015D0C /* Color+Image.swift */; };
		AF76ED4922D49E100085C2D0 /* WSButton.swift in Sources */ = {isa = PBXBuildFile; fileRef = AF76ED4722D468E90085C2D0 /* WSButton.swift */; };
		AFF3038D22D3530A00D1DB43 /* AppDelegate.swift in Sources */ = {isa = PBXBuildFile; fileRef = AFF3038C22D3530A00D1DB43 /* AppDelegate.swift */; };
		AFF3038F22D3530A00D1DB43 /* ViewController.swift in Sources */ = {isa = PBXBuildFile; fileRef = AFF3038E22D3530A00D1DB43 /* ViewController.swift */; };
		AFF3039222D3530A00D1DB43 /* Main.storyboard in Resources */ = {isa = PBXBuildFile; fileRef = AFF3039022D3530A00D1DB43 /* Main.storyboard */; };
		AFF3039422D3530B00D1DB43 /* Assets.xcassets in Resources */ = {isa = PBXBuildFile; fileRef = AFF3039322D3530B00D1DB43 /* Assets.xcassets */; };
		AFF3039722D3530B00D1DB43 /* LaunchScreen.storyboard in Resources */ = {isa = PBXBuildFile; fileRef = AFF3039522D3530B00D1DB43 /* LaunchScreen.storyboard */; };
/* End PBXBuildFile section */

/* Begin PBXFileReference section */
		AF038220247BAC6600A67DAD /* stopWatchData.swift */ = {isa = PBXFileReference; lastKnownFileType = sourcecode.swift; path = stopWatchData.swift; sourceTree = "<group>"; };
		AF038222247BB20000A67DAD /* RecordTimeCell.swift */ = {isa = PBXFileReference; lastKnownFileType = sourcecode.swift; path = RecordTimeCell.swift; sourceTree = "<group>"; };
		AF2D9A6324A9BFED00015D0C /* Int+time.swift */ = {isa = PBXFileReference; lastKnownFileType = sourcecode.swift; path = "Int+time.swift"; sourceTree = "<group>"; };
		AF2D9A6524A9C57100015D0C /* Color+Image.swift */ = {isa = PBXFileReference; lastKnownFileType = sourcecode.swift; path = "Color+Image.swift"; sourceTree = "<group>"; };
		AF76ED4722D468E90085C2D0 /* WSButton.swift */ = {isa = PBXFileReference; lastKnownFileType = sourcecode.swift; path = WSButton.swift; sourceTree = "<group>"; };
		AFF3038922D3530A00D1DB43 /* stopWatch_swift.app */ = {isa = PBXFileReference; explicitFileType = wrapper.application; includeInIndex = 0; path = stopWatch_swift.app; sourceTree = BUILT_PRODUCTS_DIR; };
		AFF3038C22D3530A00D1DB43 /* AppDelegate.swift */ = {isa = PBXFileReference; lastKnownFileType = sourcecode.swift; path = AppDelegate.swift; sourceTree = "<group>"; };
		AFF3038E22D3530A00D1DB43 /* ViewController.swift */ = {isa = PBXFileReference; lastKnownFileType = sourcecode.swift; path = ViewController.swift; sourceTree = "<group>"; };
		AFF3039122D3530A00D1DB43 /* Base */ = {isa = PBXFileReference; lastKnownFileType = file.storyboard; name = Base; path = Base.lproj/Main.storyboard; sourceTree = "<group>"; };
		AFF3039322D3530B00D1DB43 /* Assets.xcassets */ = {isa = PBXFileReference; lastKnownFileType = folder.assetcatalog; path = Assets.xcassets; sourceTree = "<group>"; };
		AFF3039622D3530B00D1DB43 /* Base */ = {isa = PBXFileReference; lastKnownFileType = file.storyboard; name = Base; path = Base.lproj/LaunchScreen.storyboard; sourceTree = "<group>"; };
		AFF3039822D3530B00D1DB43 /* Info.plist */ = {isa = PBXFileReference; lastKnownFileType = text.plist.xml; path = Info.plist; sourceTree = "<group>"; };
/* End PBXFileReference section */

/* Begin PBXFrameworksBuildPhase section */
		AFF3038622D3530A00D1DB43 /* Frameworks */ = {
			isa = PBXFrameworksBuildPhase;
			buildActionMask = 2147483647;
			files = (
			);
			runOnlyForDeploymentPostprocessing = 0;
		};
/* End PBXFrameworksBuildPhase section */

/* Begin PBXGroup section */
		AFF3038022D3530A00D1DB43 = {
			isa = PBXGroup;
			children = (
				AFF3038B22D3530A00D1DB43 /* stopWatch_swift */,
				AFF3038A22D3530A00D1DB43 /* Products */,
			);
			sourceTree = "<group>";
		};
		AFF3038A22D3530A00D1DB43 /* Products */ = {
			isa = PBXGroup;
			children = (
				AFF3038922D3530A00D1DB43 /* stopWatch_swift.app */,
			);
			name = Products;
			sourceTree = "<group>";
		};
		AFF3038B22D3530A00D1DB43 /* stopWatch_swift */ = {
			isa = PBXGroup;
			children = (
				AFF3038C22D3530A00D1DB43 /* AppDelegate.swift */,
				AFF3038E22D3530A00D1DB43 /* ViewController.swift */,
				AF76ED4722D468E90085C2D0 /* WSButton.swift */,
				AF038220247BAC6600A67DAD /* stopWatchData.swift */,
				AF2D9A6324A9BFED00015D0C /* Int+time.swift */,
				AFF3039022D3530A00D1DB43 /* Main.storyboard */,
				AFF3039322D3530B00D1DB43 /* Assets.xcassets */,
				AFF3039522D3530B00D1DB43 /* LaunchScreen.storyboard */,
				AFF3039822D3530B00D1DB43 /* Info.plist */,
				AF038222247BB20000A67DAD /* RecordTimeCell.swift */,
				AF2D9A6524A9C57100015D0C /* Color+Image.swift */,
			);
			path = stopWatch_swift;
			sourceTree = "<group>";
		};
/* End PBXGroup section */

/* Begin PBXNativeTarget section */
		AFF3038822D3530A00D1DB43 /* stopWatch_swift */ = {
			isa = PBXNativeTarget;
			buildConfigurationList = AFF3039B22D3530B00D1DB43 /* Build configuration list for PBXNativeTarget "stopWatch_swift" */;
			buildPhases = (
				AFF3038522D3530A00D1DB43 /* Sources */,
				AFF3038622D3530A00D1DB43 /* Frameworks */,
				AFF3038722D3530A00D1DB43 /* Resources */,
			);
			buildRules = (
			);
			dependencies = (
			);
			name = stopWatch_swift;
			productName = stopWatch_swift;
			productReference = AFF3038922D3530A00D1DB43 /* stopWatch_swift.app */;
			productType = "com.apple.product-type.application";
		};
/* End PBXNativeTarget section */

/* Begin PBXProject section */
		AFF3038122D3530A00D1DB43 /* Project object */ = {
			isa = PBXProject;
			attributes = {
				LastSwiftUpdateCheck = 1020;
				LastUpgradeCheck = 1020;
				ORGANIZATIONNAME = ynfMac;
				TargetAttributes = {
					AFF3038822D3530A00D1DB43 = {
						CreatedOnToolsVersion = 10.2.1;
					};
				};
			};
			buildConfigurationList = AFF3038422D3530A00D1DB43 /* Build configuration list for PBXProject "stopWatch_swift" */;
			compatibilityVersion = "Xcode 9.3";
			developmentRegion = en;
			hasScannedForEncodings = 0;
			knownRegions = (
				en,
				Base,
			);
			mainGroup = AFF3038022D3530A00D1DB43;
			productRefGroup = AFF3038A22D3530A00D1DB43 /* Products */;
			projectDirPath = "";
			projectRoot = "";
			targets = (
				AFF3038822D3530A00D1DB43 /* stopWatch_swift */,
			);
		};
/* End PBXProject section */

/* Begin PBXResourcesBuildPhase section */
		AFF3038722D3530A00D1DB43 /* Resources */ = {
			isa = PBXResourcesBuildPhase;
			buildActionMask = 2147483647;
			files = (
				AFF3039722D3530B00D1DB43 /* LaunchScreen.storyboard in Resources */,
				AFF3039422D3530B00D1DB43 /* Assets.xcassets in Resources */,
				AFF3039222D3530A00D1DB43 /* Main.storyboard in Resources */,
			);
			runOnlyForDeploymentPostprocessing = 0;
		};
/* End PBXResourcesBuildPhase section */

/* Begin PBXSourcesBuildPhase section */
		AFF3038522D3530A00D1DB43 /* Sources */ = {
			isa = PBXSourcesBuildPhase;
			buildActionMask = 2147483647;
			files = (
				AF76ED4922D49E100085C2D0 /* WSButton.swift in Sources */,
				AF2D9A6424A9BFED00015D0C /* Int+time.swift in Sources */,
				AF2D9A6624A9C57100015D0C /* Color+Image.swift in Sources */,
				AF038223247BB20000A67DAD /* RecordTimeCell.swift in Sources */,
				AF038221247BAC6600A67DAD /* stopWatchData.swift in Sources */,
				AFF3038F22D3530A00D1DB43 /* ViewController.swift in Sources */,
				AFF3038D22D3530A00D1DB43 /* AppDelegate.swift in Sources */,
			);
			runOnlyForDeploymentPostprocessing = 0;
		};
/* End PBXSourcesBuildPhase section */

/* Begin PBXVariantGroup section */
		AFF3039022D3530A00D1DB43 /* Main.storyboard */ = {
			isa = PBXVariantGroup;
			children = (
				AFF3039122D3530A00D1DB43 /* Base */,
			);
			name = Main.storyboard;
			sourceTree = "<group>";
		};
		AFF3039522D3530B00D1DB43 /* LaunchScreen.storyboard */ = {
			isa = PBXVariantGroup;
			children = (
				AFF3039622D3530B00D1DB43 /* Base */,
			);
			name = LaunchScreen.storyboard;
			sourceTree = "<group>";
		};
/* End PBXVariantGroup section */

/* Begin XCBuildConfiguration section */
		AFF3039922D3530B00D1DB43 /* Debug */ = {
			isa = XCBuildConfiguration;
			buildSettings = {
				ALWAYS_SEARCH_USER_PATHS = NO;
				CLANG_ANALYZER_NONNULL = YES;
				CLANG_ANALYZER_NUMBER_OBJECT_CONVERSION = YES_AGGRESSIVE;
				CLANG_CXX_LANGUAGE_STANDARD = "gnu++14";
				CLANG_CXX_LIBRARY = "libc++";
				CLANG_ENABLE_MODULES = YES;
				CLANG_ENABLE_OBJC_ARC = YES;
				CLANG_ENABLE_OBJC_WEAK = YES;
				CLANG_WARN_BLOCK_CAPTURE_AUTORELEASING = YES;
				CLANG_WARN_BOOL_CONVERSION = YES;
				CLANG_WARN_COMMA = YES;
				CLANG_WARN_CONSTANT_CONVERSION = YES;
				CLANG_WARN_DEPRECATED_OBJC_IMPLEMENTATIONS = YES;
				CLANG_WARN_DIRECT_OBJC_ISA_USAGE = YES_ERROR;
				CLANG_WARN_DOCUMENTATION_COMMENTS = YES;
				CLANG_WARN_EMPTY_BODY = YES;
				CLANG_WARN_ENUM_CONVERSION = YES;
				CLANG_WARN_INFINITE_RECURSION = YES;
				CLANG_WARN_INT_CONVERSION = YES;
				CLANG_WARN_NON_LITERAL_NULL_CONVERSION = YES;
				CLANG_WARN_OBJC_IMPLICIT_RETAIN_SELF = YES;
				CLANG_WARN_OBJC_LITERAL_CONVERSION = YES;
				CLANG_WARN_OBJC_ROOT_CLASS = YES_ERROR;
				CLANG_WARN_RANGE_LOOP_ANALYSIS = YES;
				CLANG_WARN_STRICT_PROTOTYPES = YES;
				CLANG_WARN_SUSPICIOUS_MOVE = YES;
				CLANG_WARN_UNGUARDED_AVAILABILITY = YES_AGGRESSIVE;
				CLANG_WARN_UNREACHABLE_CODE = YES;
				CLANG_WARN__DUPLICATE_METHOD_MATCH = YES;
				CODE_SIGN_IDENTITY = "iPhone Developer";
				COPY_PHASE_STRIP = NO;
				DEBUG_INFORMATION_FORMAT = dwarf;
				ENABLE_STRICT_OBJC_MSGSEND = YES;
				ENABLE_TESTABILITY = YES;
				GCC_C_LANGUAGE_STANDARD = gnu11;
				GCC_DYNAMIC_NO_PIC = NO;
				GCC_NO_COMMON_BLOCKS = YES;
				GCC_OPTIMIZATION_LEVEL = 0;
				GCC_PREPROCESSOR_DEFINITIONS = (
					"DEBUG=1",
					"$(inherited)",
				);
				GCC_WARN_64_TO_32_BIT_CONVERSION = YES;
				GCC_WARN_ABOUT_RETURN_TYPE = YES_ERROR;
				GCC_WARN_UNDECLARED_SELECTOR = YES;
				GCC_WARN_UNINITIALIZED_AUTOS = YES_AGGRESSIVE;
				GCC_WARN_UNUSED_FUNCTION = YES;
				GCC_WARN_UNUSED_VARIABLE = YES;
				IPHONEOS_DEPLOYMENT_TARGET = 11.0;
				MTL_ENABLE_DEBUG_INFO = INCLUDE_SOURCE;
				MTL_FAST_MATH = YES;
				ONLY_ACTIVE_ARCH = YES;
				SDKROOT = iphoneos;
				SWIFT_ACTIVE_COMPILATION_CONDITIONS = DEBUG;
				SWIFT_OPTIMIZATION_LEVEL = "-Onone";
				SWIFT_VERSION = 4.0;
			};
			name = Debug;
		};
		AFF3039A22D3530B00D1DB43 /* Release */ = {
			isa = XCBuildConfiguration;
			buildSettings = {
				ALWAYS_SEARCH_USER_PATHS = NO;
				CLANG_ANALYZER_NONNULL = YES;
				CLANG_ANALYZER_NUMBER_OBJECT_CONVERSION = YES_AGGRESSIVE;
				CLANG_CXX_LANGUAGE_STANDARD = "gnu++14";
				CLANG_CXX_LIBRARY = "libc++";
				CLANG_ENABLE_MODULES = YES;
				CLANG_ENABLE_OBJC_ARC = YES;
				CLANG_ENABLE_OBJC_WEAK = YES;
				CLANG_WARN_BLOCK_CAPTURE_AUTORELEASING = YES;
				CLANG_WARN_BOOL_CONVERSION = YES;
				CLANG_WARN_COMMA = YES;
				CLANG_WARN_CONSTANT_CONVERSION = YES;
				CLANG_WARN_DEPRECATED_OBJC_IMPLEMENTATIONS = YES;
				CLANG_WARN_DIRECT_OBJC_ISA_USAGE = YES_ERROR;
				CLANG_WARN_DOCUMENTATION_COMMENTS = YES;
				CLANG_WARN_EMPTY_BODY = YES;
				CLANG_WARN_ENUM_CONVERSION = YES;
				CLANG_WARN_INFINITE_RECURSION = YES;
				CLANG_WARN_INT_CONVERSION = YES;
				CLANG_WARN_NON_LITERAL_NULL_CONVERSION = YES;
				CLANG_WARN_OBJC_IMPLICIT_RETAIN_SELF = YES;
				CLANG_WARN_OBJC_LITERAL_CONVERSION = YES;
				CLANG_WARN_OBJC_ROOT_CLASS = YES_ERROR;
				CLANG_WARN_RANGE_LOOP_ANALYSIS = YES;
				CLANG_WARN_STRICT_PROTOTYPES = YES;
				CLANG_WARN_SUSPICIOUS_MOVE = YES;
				CLANG_WARN_UNGUARDED_AVAILABILITY = YES_AGGRESSIVE;
				CLANG_WARN_UNREACHABLE_CODE = YES;
				CLANG_WARN__DUPLICATE_METHOD_MATCH = YES;
				CODE_SIGN_IDENTITY = "iPhone Developer";
				COPY_PHASE_STRIP = NO;
				DEBUG_INFORMATION_FORMAT = "dwarf-with-dsym";
				ENABLE_NS_ASSERTIONS = NO;
				ENABLE_STRICT_OBJC_MSGSEND = YES;
				GCC_C_LANGUAGE_STANDARD = gnu11;
				GCC_NO_COMMON_BLOCKS = YES;
				GCC_WARN_64_TO_32_BIT_CONVERSION = YES;
				GCC_WARN_ABOUT_RETURN_TYPE = YES_ERROR;
				GCC_WARN_UNDECLARED_SELECTOR = YES;
				GCC_WARN_UNINITIALIZED_AUTOS = YES_AGGRESSIVE;
				GCC_WARN_UNUSED_FUNCTION = YES;
				GCC_WARN_UNUSED_VARIABLE = YES;
				IPHONEOS_DEPLOYMENT_TARGET = 11.0;
				MTL_ENABLE_DEBUG_INFO = NO;
				MTL_FAST_MATH = YES;
				SDKROOT = iphoneos;
				SWIFT_COMPILATION_MODE = wholemodule;
				SWIFT_OPTIMIZATION_LEVEL = "-O";
				SWIFT_VERSION = 4.0;
				VALIDATE_PRODUCT = YES;
			};
			name = Release;
		};
		AFF3039C22D3530B00D1DB43 /* Debug */ = {
			isa = XCBuildConfiguration;
			buildSettings = {
				ASSETCATALOG_COMPILER_APPICON_NAME = AppIcon;
				CODE_SIGN_STYLE = Automatic;
				INFOPLIST_FILE = stopWatch_swift/Info.plist;
				LD_RUNPATH_SEARCH_PATHS = (
					"$(inherited)",
					"@executable_path/Frameworks",
				);
				PRODUCT_BUNDLE_IDENTIFIER = "WSAlonely.stopWatch-swift";
				PRODUCT_NAME = "$(TARGET_NAME)";
				SWIFT_VERSION = 4.0;
				TARGETED_DEVICE_FAMILY = "1,2";
			};
			name = Debug;
		};
		AFF3039D22D3530B00D1DB43 /* Release */ = {
			isa = XCBuildConfiguration;
			buildSettings = {
				ASSETCATALOG_COMPILER_APPICON_NAME = AppIcon;
				CODE_SIGN_STYLE = Automatic;
				INFOPLIST_FILE = stopWatch_swift/Info.plist;
				LD_RUNPATH_SEARCH_PATHS = (
					"$(inherited)",
					"@executable_path/Frameworks",
				);
				PRODUCT_BUNDLE_IDENTIFIER = "WSAlonely.stopWatch-swift";
				PRODUCT_NAME = "$(TARGET_NAME)";
				SWIFT_VERSION = 4.0;
				TARGETED_DEVICE_FAMILY = "1,2";
			};
			name = Release;
		};
/* End XCBuildConfiguration section */

/* Begin XCConfigurationList section */
		AFF3038422D3530A00D1DB43 /* Build configuration list for PBXProject "stopWatch_swift" */ = {
			isa = XCConfigurationList;
			buildConfigurations = (
				AFF3039922D3530B00D1DB43 /* Debug */,
				AFF3039A22D3530B00D1DB43 /* Release */,
			);
			defaultConfigurationIsVisible = 0;
			defaultConfigurationName = Release;
		};
		AFF3039B22D3530B00D1DB43 /* Build configuration list for PBXNativeTarget "stopWatch_swift" */ = {
			isa = XCConfigurationList;
			buildConfigurations = (
				AFF3039C22D3530B00D1DB43 /* Debug */,
				AFF3039D22D3530B00D1DB43 /* Release */,
			);
			defaultConfigurationIsVisible = 0;
			defaultConfigurationName = Release;
		};
/* End XCConfigurationList section */
	};
	rootObject = AFF3038122D3530A00D1DB43 /* Project object */;
}
